
Microsoft Visual Studio Solution File, Format Version 12.00
# Visual Studio Version 16
VisualStudioVersion = 16.0.30907.101
MinimumVisualStudioVersion = 10.0.40219.1
Project("{9A19103F-16F7-4668-BE54-9A1E7A4F7556}") = "ASPNetCoreMastersTodoList.Api", "ASPNetCoreMastersTodoList\ASPNetCoreMastersTodoList.Api.csproj", "{0BE556A5-F84A-40BA-8A55-EAB5A69DBDA9}"
	ProjectSection(ProjectDependencies) = postProject
		{FB89D270-8C03-4064-B88E-568DF4E0CC25} = {FB89D270-8C03-4064-B88E-568DF4E0CC25}
	EndProjectSection
EndProject
Project("{9A19103F-16F7-4668-BE54-9A1E7A4F7556}") = "Services", "Services\Services.csproj", "{FB89D270-8C03-4064-B88E-568DF4E0CC25}"
EndProject
Project("{9A19103F-16F7-4668-BE54-9A1E7A4F7556}") = "DomainModels", "DomainModels\DomainModels.csproj", "{8C007F13-5B72-4987-85EA-757BE363860B}"
EndProject
Project("{FAE04EC0-301F-11D3-BF4B-00C04F79EFBC}") = "Repositories", "Repositories\Repositories.csproj", "{8BC006B9-7891-4791-B36B-3119FDFFB3E1}"
EndProject
Global
	GlobalSection(SolutionConfigurationPlatforms) = preSolution
		Debug|Any CPU = Debug|Any CPU
		Release|Any CPU = Release|Any CPU
	EndGlobalSection
	GlobalSection(ProjectConfigurationPlatforms) = postSolution
		{0BE556A5-F84A-40BA-8A55-EAB5A69DBDA9}.Debug|Any CPU.ActiveCfg = Debug|Any CPU
		{0BE556A5-F84A-40BA-8A55-EAB5A69DBDA9}.Debug|Any CPU.Build.0 = Debug|Any CPU
		{0BE556A5-F84A-40BA-8A55-EAB5A69DBDA9}.Release|Any CPU.ActiveCfg = Release|Any CPU
		{0BE556A5-F84A-40BA-8A55-EAB5A69DBDA9}.Release|Any CPU.Build.0 = Release|Any CPU
		{FB89D270-8C03-4064-B88E-568DF4E0CC25}.Debug|Any CPU.ActiveCfg = Debug|Any CPU
		{FB89D270-8C03-4064-B88E-568DF4E0CC25}.Debug|Any CPU.Build.0 = Debug|Any CPU
		{FB89D270-8C03-4064-B88E-568DF4E0CC25}.Release|Any CPU.ActiveCfg = Release|Any CPU
		{FB89D270-8C03-4064-B88E-568DF4E0CC25}.Release|Any CPU.Build.0 = Release|Any CPU
		{8C007F13-5B72-4987-85EA-757BE363860B}.Debug|Any CPU.ActiveCfg = Debug|Any CPU
		{8C007F13-5B72-4987-85EA-757BE363860B}.Debug|Any CPU.Build.0 = Debug|Any CPU
		{8C007F13-5B72-4987-85EA-757BE363860B}.Release|Any CPU.ActiveCfg = Release|Any CPU
		{8C007F13-5B72-4987-85EA-757BE363860B}.Release|Any CPU.Build.0 = Release|Any CPU
		{8BC006B9-7891-4791-B36B-3119FDFFB3E1}.Debug|Any CPU.ActiveCfg = Debug|Any CPU
		{8BC006B9-7891-4791-B36B-3119FDFFB3E1}.Debug|Any CPU.Build.0 = Debug|Any CPU
		{8BC006B9-7891-4791-B36B-3119FDFFB3E1}.Release|Any CPU.ActiveCfg = Release|Any CPU
		{8BC006B9-7891-4791-B36B-3119FDFFB3E1}.Release|Any CPU.Build.0 = Release|Any CPU
	EndGlobalSection
	GlobalSection(SolutionProperties) = preSolution
		HideSolutionNode = FALSE
	EndGlobalSection
	GlobalSection(ExtensibilityGlobals) = postSolution
		SolutionGuid = {3680AF78-BAC3-4672-A516-38451CD2892C}
	EndGlobalSection
EndGlobal
